PODS:
  - Alamofire (4.2.0)
  - Kingfisher (3.6.2)

DEPENDENCIES:
  - Alamofire (~> 4.0)
  - Kingfisher (~> 3.0)

SPEC CHECKSUMS:
  Alamofire: aa2e09d871c9160ac53c90e83c68064a94e3dfbe
  Kingfisher: 2c94e72c6830622c71d06adf4ea024c37d316830

PODFILE CHECKSUM: 2e9516700942f44796240c89aa1b45901866cf46

COCOAPODS: 1.1.1
