PODS:
  - Alamofire (4.8.0)
  - Kingfisher (4.4.0)
  - WechatOpenSDK (1.8.3)

DEPENDENCIES:
  - Alamofire
  - Kingfisher
  - WechatOpenSDK

SPEC REPOS:
  https://github.com/cocoapods/specs.git:
    - Alamofire
    - Kingfisher
    - WechatOpenSDK

SPEC CHECKSUMS:
  Alamofire: 3ec537f71edc9804815215393ae2b1a8ea33a844
  Kingfisher: 62a43e03047a1ac5159d0be3ac62673ef4b99cc3
  WechatOpenSDK: 3117412f8aafde4758cac1e8d20b93c67cafcfef

PODFILE CHECKSUM: 24696de68fc791bb86747e7edc5d513a3c21a5a2

COCOAPODS: 1.5.3
