PODS:
  - Alamofire (4.2.0)
  - Kanna (2.1.1)

DEPENDENCIES:
  - Alamofire (~> 4.0)
  - Kanna (~> 2.1.0)

SPEC CHECKSUMS:
  Alamofire: aa2e09d871c9160ac53c90e83c68064a94e3dfbe
  Kanna: 9b4b086c218703f2b94f5b21a466217dd2f9332e

PODFILE CHECKSUM: 17890f820dc8420f043845b4717539512d99dece

COCOAPODS: 1.1.1
